# THIS IS AN AUTOGENERATED FILE. DO NOT EDIT THIS FILE DIRECTLY.
# yarn lockfile v1


"@babel/runtime@^7.3.1":
  version "7.4.5"
  resolved "https://registry.yarnpkg.com/@babel/runtime/-/runtime-7.4.5.tgz#582bb531f5f9dc67d2fcb682979894f75e253f12"
  integrity sha512-TuI4qpWZP6lGOGIuGWtp9sPluqYICmbk8T/1vpSysqJxRPkudh/ofFWyqdcMsDf2s7KvDL4/YHgKyvcS3g9CJQ==
  dependencies:
    regenerator-runtime "^0.13.2"

i18next@^17.0.4:
  version "17.0.4"
  resolved "https://registry.yarnpkg.com/i18next/-/i18next-17.0.4.tgz#c690b9de0c950ff8abe626562d03c4144dd75030"
  integrity sha512-+lwmv3FT8Sv/HwVPjkR6rtEFhgOqt9L/CTehzyxvL/NdkeUYbFZJfE57MsBToB6LFWg3d0sZJIVgYqCpWzUyLQ==
  dependencies:
    "@babel/runtime" "^7.3.1"

line-clamp@^1.0.0:
  version "1.0.0"
  resolved "https://registry.yarnpkg.com/line-clamp/-/line-clamp-1.0.0.tgz#e0216489a599e989215595080b912c90ba09192c"
  integrity sha512-dCDlvMj572RIRBQ3x9aIX0DTdt2St1bMdpi64jVTAi5vqBck7wf+J97//+J7+pS80rFJaYa8HiyXCTp0flpnBA==

regenerator-runtime@^0.13.2:
  version "0.13.2"
  resolved "https://registry.yarnpkg.com/regenerator-runtime/-/regenerator-runtime-0.13.2.tgz#32e59c9a6fb9b1a4aff09b4930ca2d4477343447"
  integrity sha512-S/TQAZJO+D3m9xeN1WTI8dLKBBiRgXBlTJvbWjCThHWZj9EvHK70Ff50/tYj2J/fvBY6JtFVwRuazHN2E7M9BA==
